// !$*UTF8*$!
{
	archiveVersion = 1;
	classes = {
	};
	objectVersion = 46;
	objects = {

/* Begin PBXBuildFile section */
		315841391D3C5B70002448F7 /* TextDelegate.swift in Sources */ = {isa = PBXBuildFile; fileRef = 315841381D3C5B70002448F7 /* TextDelegate.swift */; };
		31686C8C1D37D48100F8B8DF /* meme2.swift in Sources */ = {isa = PBXBuildFile; fileRef = 31686C8B1D37D48100F8B8DF /* meme2.swift */; };
		72EB35A21CFF363C008EE329 /* AppDelegate.swift in Sources */ = {isa = PBXBuildFile; fileRef = 72EB35A11CFF363C008EE329 /* AppDelegate.swift */; };
		72EB35A41CFF363C008EE329 /* ViewController.swift in Sources */ = {isa = PBXBuildFile; fileRef = 72EB35A31CFF363C008EE329 /* ViewController.swift */; };
		72EB35A71CFF363C008EE329 /* Main.storyboard in Resources */ = {isa = PBXBuildFile; fileRef = 72EB35A51CFF363C008EE329 /* Main.storyboard */; };
		72EB35A91CFF363C008EE329 /* Assets.xcassets in Resources */ = {isa = PBXBuildFile; fileRef = 72EB35A81CFF363C008EE329 /* Assets.xcassets */; };
		72EB35AC1CFF363C008EE329 /* LaunchScreen.storyboard in Resources */ = {isa = PBXBuildFile; fileRef = 72EB35AA1CFF363C008EE329 /* LaunchScreen.storyboard */; };
		72EB35B71CFF363C008EE329 /* meme0_1Tests.swift in Sources */ = {isa = PBXBuildFile; fileRef = 72EB35B61CFF363C008EE329 /* meme0_1Tests.swift */; };
		72EB35C21CFF363C008EE329 /* meme0_1UITests.swift in Sources */ = {isa = PBXBuildFile; fileRef = 72EB35C11CFF363C008EE329 /* meme0_1UITests.swift */; };
/* End PBXBuildFile section */

/* Begin PBXContainerItemProxy section */
		72EB35B31CFF363C008EE329 /* PBXContainerItemProxy */ = {
			isa = PBXContainerItemProxy;
			containerPortal = 72EB35961CFF363C008EE329 /* Project object */;
			proxyType = 1;
			remoteGlobalIDString = 72EB359D1CFF363C008EE329;
			remoteInfo = meme0.1;
		};
		72EB35BE1CFF363C008EE329 /* PBXContainerItemProxy */ = {
			isa = PBXContainerItemProxy;
			containerPortal = 72EB35961CFF363C008EE329 /* Project object */;
			proxyType = 1;
			remoteGlobalIDString = 72EB359D1CFF363C008EE329;
			remoteInfo = meme0.1;
		};
/* End PBXContainerItemProxy section */

/* Begin PBXFileReference section */
		315841381D3C5B70002448F7 /* TextDelegate.swift */ = {isa = PBXFileReference; fileEncoding = 4; lastKnownFileType = sourcecode.swift; path = TextDelegate.swift; sourceTree = "<group>"; };
		31686C8B1D37D48100F8B8DF /* meme2.swift */ = {isa = PBXFileReference; fileEncoding = 4; lastKnownFileType = sourcecode.swift; path = meme2.swift; sourceTree = "<group>"; };
		72EB359E1CFF363C008EE329 /* meme0.1.app */ = {isa = PBXFileReference; explicitFileType = wrapper.application; includeInIndex = 0; path = meme0.1.app; sourceTree = BUILT_PRODUCTS_DIR; };
		72EB35A11CFF363C008EE329 /* AppDelegate.swift */ = {isa = PBXFileReference; lastKnownFileType = sourcecode.swift; path = AppDelegate.swift; sourceTree = "<group>"; };
		72EB35A31CFF363C008EE329 /* ViewController.swift */ = {isa = PBXFileReference; lastKnownFileType = sourcecode.swift; path = ViewController.swift; sourceTree = "<group>"; };
		72EB35A61CFF363C008EE329 /* Base */ = {isa = PBXFileReference; lastKnownFileType = file.storyboard; name = Base; path = Base.lproj/Main.storyboard; sourceTree = "<group>"; };
		72EB35A81CFF363C008EE329 /* Assets.xcassets */ = {isa = PBXFileReference; lastKnownFileType = folder.assetcatalog; path = Assets.xcassets; sourceTree = "<group>"; };
		72EB35AB1CFF363C008EE329 /* Base */ = {isa = PBXFileReference; lastKnownFileType = file.storyboard; name = Base; path = Base.lproj/LaunchScreen.storyboard; sourceTree = "<group>"; };
		72EB35AD1CFF363C008EE329 /* Info.plist */ = {isa = PBXFileReference; lastKnownFileType = text.plist.xml; path = Info.plist; sourceTree = "<group>"; };
		72EB35B21CFF363C008EE329 /* meme0.1Tests.xctest */ = {isa = PBXFileReference; explicitFileType = wrapper.cfbundle; includeInIndex = 0; path = meme0.1Tests.xctest; sourceTree = BUILT_PRODUCTS_DIR; };
		72EB35B61CFF363C008EE329 /* meme0_1Tests.swift */ = {isa = PBXFileReference; lastKnownFileType = sourcecode.swift; path = meme0_1Tests.swift; sourceTree = "<group>"; };
		72EB35B81CFF363C008EE329 /* Info.plist */ = {isa = PBXFileReference; lastKnownFileType = text.plist.xml; path = Info.plist; sourceTree = "<group>"; };
		72EB35BD1CFF363C008EE329 /* meme0.1UITests.xctest */ = {isa = PBXFileReference; explicitFileType = wrapper.cfbundle; includeInIndex = 0; path = meme0.1UITests.xctest; sourceTree = BUILT_PRODUCTS_DIR; };
		72EB35C11CFF363C008EE329 /* meme0_1UITests.swift */ = {isa = PBXFileReference; lastKnownFileType = sourcecode.swift; path = meme0_1UITests.swift; sourceTree = "<group>"; };
		72EB35C31CFF363C008EE329 /* Info.plist */ = {isa = PBXFileReference; lastKnownFileType = text.plist.xml; path = Info.plist; sourceTree = "<group>"; };
/* End PBXFileReference section */

/* Begin PBXFrameworksBuildPhase section */
		72EB359B1CFF363C008EE329 /* Frameworks */ = {
			isa = PBXFrameworksBuildPhase;
			buildActionMask = 2147483647;
			files = (
			);
			runOnlyForDeploymentPostprocessing = 0;
		};
		72EB35AF1CFF363C008EE329 /* Frameworks */ = {
			isa = PBXFrameworksBuildPhase;
			buildActionMask = 2147483647;
			files = (
			);
			runOnlyForDeploymentPostprocessing = 0;
		};
		72EB35BA1CFF363C008EE329 /* Frameworks */ = {
			isa = PBXFrameworksBuildPhase;
			buildActionMask = 2147483647;
			files = (
			);
			runOnlyForDeploymentPostprocessing = 0;
		};
/* End PBXFrameworksBuildPhase section */

/* Begin PBXGroup section */
		72EB35951CFF363C008EE329 = {
			isa = PBXGroup;
			children = (
				72EB35A01CFF363C008EE329 /* meme0.1 */,
				72EB35B51CFF363C008EE329 /* meme0.1Tests */,
				72EB35C01CFF363C008EE329 /* meme0.1UITests */,
				72EB359F1CFF363C008EE329 /* Products */,
			);
			sourceTree = "<group>";
		};
		72EB359F1CFF363C008EE329 /* Products */ = {
			isa = PBXGroup;
			children = (
				72EB359E1CFF363C008EE329 /* meme0.1.app */,
				72EB35B21CFF363C008EE329 /* meme0.1Tests.xctest */,
				72EB35BD1CFF363C008EE329 /* meme0.1UITests.xctest */,
			);
			name = Products;
			sourceTree = "<group>";
		};
		72EB35A01CFF363C008EE329 /* meme0.1 */ = {
			isa = PBXGroup;
			children = (
				72EB35A11CFF363C008EE329 /* AppDelegate.swift */,
				72EB35A31CFF363C008EE329 /* ViewController.swift */,
				31686C8B1D37D48100F8B8DF /* meme2.swift */,
				72EB35A51CFF363C008EE329 /* Main.storyboard */,
				315841381D3C5B70002448F7 /* TextDelegate.swift */,
				72EB35A81CFF363C008EE329 /* Assets.xcassets */,
				72EB35AA1CFF363C008EE329 /* LaunchScreen.storyboard */,
				72EB35AD1CFF363C008EE329 /* Info.plist */,
			);
			path = meme0.1;
			sourceTree = "<group>";
		};
		72EB35B51CFF363C008EE329 /* meme0.1Tests */ = {
			isa = PBXGroup;
			children = (
				72EB35B61CFF363C008EE329 /* meme0_1Tests.swift */,
				72EB35B81CFF363C008EE329 /* Info.plist */,
			);
			path = meme0.1Tests;
			sourceTree = "<group>";
		};
		72EB35C01CFF363C008EE329 /* meme0.1UITests */ = {
			isa = PBXGroup;
			children = (
				72EB35C11CFF363C008EE329 /* meme0_1UITests.swift */,
				72EB35C31CFF363C008EE329 /* Info.plist */,
			);
			path = meme0.1UITests;
			sourceTree = "<group>";
		};
/* End PBXGroup section */

/* Begin PBXNativeTarget section */
		72EB359D1CFF363C008EE329 /* meme0.1 */ = {
			isa = PBXNativeTarget;
			buildConfigurationList = 72EB35C61CFF363C008EE329 /* Build configuration list for PBXNativeTarget "meme0.1" */;
			buildPhases = (
				72EB359A1CFF363C008EE329 /* Sources */,
				72EB359B1CFF363C008EE329 /* Frameworks */,
				72EB359C1CFF363C008EE329 /* Resources */,
			);
			buildRules = (
			);
			dependencies = (
			);
			name = meme0.1;
			productName = meme0.1;
			productReference = 72EB359E1CFF363C008EE329 /* meme0.1.app */;
			productType = "com.apple.product-type.application";
		};
		72EB35B11CFF363C008EE329 /* meme0.1Tests */ = {
			isa = PBXNativeTarget;
			buildConfigurationList = 72EB35C91CFF363C008EE329 /* Build configuration list for PBXNativeTarget "meme0.1Tests" */;
			buildPhases = (
				72EB35AE1CFF363C008EE329 /* Sources */,
				72EB35AF1CFF363C008EE329 /* Frameworks */,
				72EB35B01CFF363C008EE329 /* Resources */,
			);
			buildRules = (
			);
			dependencies = (
				72EB35B41CFF363C008EE329 /* PBXTargetDependency */,
			);
			name = meme0.1Tests;
			productName = meme0.1Tests;
			productReference = 72EB35B21CFF363C008EE329 /* meme0.1Tests.xctest */;
			productType = "com.apple.product-type.bundle.unit-test";
		};
		72EB35BC1CFF363C008EE329 /* meme0.1UITests */ = {
			isa = PBXNativeTarget;
			buildConfigurationList = 72EB35CC1CFF363C008EE329 /* Build configuration list for PBXNativeTarget "meme0.1UITests" */;
			buildPhases = (
				72EB35B91CFF363C008EE329 /* Sources */,
				72EB35BA1CFF363C008EE329 /* Frameworks */,
				72EB35BB1CFF363C008EE329 /* Resources */,
			);
			buildRules = (
			);
			dependencies = (
				72EB35BF1CFF363C008EE329 /* PBXTargetDependency */,
			);
			name = meme0.1UITests;
			productName = meme0.1UITests;
			productReference = 72EB35BD1CFF363C008EE329 /* meme0.1UITests.xctest */;
			productType = "com.apple.product-type.bundle.ui-testing";
		};
/* End PBXNativeTarget section */

/* Begin PBXProject section */
		72EB35961CFF363C008EE329 /* Project object */ = {
			isa = PBXProject;
			attributes = {
				LastSwiftUpdateCheck = 0730;
				LastUpgradeCheck = 0730;
				ORGANIZATIONNAME = POCH;
				TargetAttributes = {
					72EB359D1CFF363C008EE329 = {
						CreatedOnToolsVersion = 7.3.1;
						DevelopmentTeam = 59FYSDU9LB;
					};
					72EB35B11CFF363C008EE329 = {
						CreatedOnToolsVersion = 7.3.1;
						TestTargetID = 72EB359D1CFF363C008EE329;
					};
					72EB35BC1CFF363C008EE329 = {
						CreatedOnToolsVersion = 7.3.1;
						TestTargetID = 72EB359D1CFF363C008EE329;
					};
				};
			};
			buildConfigurationList = 72EB35991CFF363C008EE329 /* Build configuration list for PBXProject "meme0.1" */;
			compatibilityVersion = "Xcode 3.2";
			developmentRegion = English;
			hasScannedForEncodings = 0;
			knownRegions = (
				en,
				Base,
			);
			mainGroup = 72EB35951CFF363C008EE329;
			productRefGroup = 72EB359F1CFF363C008EE329 /* Products */;
			projectDirPath = "";
			projectRoot = "";
			targets = (
				72EB359D1CFF363C008EE329 /* meme0.1 */,
				72EB35B11CFF363C008EE329 /* meme0.1Tests */,
				72EB35BC1CFF363C008EE329 /* meme0.1UITests */,
			);
		};
/* End PBXProject section */

/* Begin PBXResourcesBuildPhase section */
		72EB359C1CFF363C008EE329 /* Resources */ = {
			isa = PBXResourcesBuildPhase;
			buildActionMask = 2147483647;
			files = (
				72EB35AC1CFF363C008EE329 /* LaunchScreen.storyboard in Resources */,
				72EB35A91CFF363C008EE329 /* Assets.xcassets in Resources */,
				72EB35A71CFF363C008EE329 /* Main.storyboard in Resources */,
			);
			runOnlyForDeploymentPostprocessing = 0;
		};
		72EB35B01CFF363C008EE329 /* Resources */ = {
			isa = PBXResourcesBuildPhase;
			buildActionMask = 2147483647;
			files = (
			);
			runOnlyForDeploymentPostprocessing = 0;
		};
		72EB35BB1CFF363C008EE329 /* Resources */ = {
			isa = PBXResourcesBuildPhase;
			buildActionMask = 2147483647;
			files = (
			);
			runOnlyForDeploymentPostprocessing = 0;
		};
/* End PBXResourcesBuildPhase section */

/* Begin PBXSourcesBuildPhase section */
		72EB359A1CFF363C008EE329 /* Sources */ = {
			isa = PBXSourcesBuildPhase;
			buildActionMask = 2147483647;
			files = (
				72EB35A41CFF363C008EE329 /* ViewController.swift in Sources */,
				315841391D3C5B70002448F7 /* TextDelegate.swift in Sources */,
				31686C8C1D37D48100F8B8DF /* meme2.swift in Sources */,
				72EB35A21CFF363C008EE329 /* AppDelegate.swift in Sources */,
			);
			runOnlyForDeploymentPostprocessing = 0;
		};
		72EB35AE1CFF363C008EE329 /* Sources */ = {
			isa = PBXSourcesBuildPhase;
			buildActionMask = 2147483647;
			files = (
				72EB35B71CFF363C008EE329 /* meme0_1Tests.swift in Sources */,
			);
			runOnlyForDeploymentPostprocessing = 0;
		};
		72EB35B91CFF363C008EE329 /* Sources */ = {
			isa = PBXSourcesBuildPhase;
			buildActionMask = 2147483647;
			files = (
				72EB35C21CFF363C008EE329 /* meme0_1UITests.swift in Sources */,
			);
			runOnlyForDeploymentPostprocessing = 0;
		};
/* End PBXSourcesBuildPhase section */

/* Begin PBXTargetDependency section */
		72EB35B41CFF363C008EE329 /* PBXTargetDependency */ = {
			isa = PBXTargetDependency;
			target = 72EB359D1CFF363C008EE329 /* meme0.1 */;
			targetProxy = 72EB35B31CFF363C008EE329 /* PBXContainerItemProxy */;
		};
		72EB35BF1CFF363C008EE329 /* PBXTargetDependency */ = {
			isa = PBXTargetDependency;
			target = 72EB359D1CFF363C008EE329 /* meme0.1 */;
			targetProxy = 72EB35BE1CFF363C008EE329 /* PBXContainerItemProxy */;
		};
/* End PBXTargetDependency section */

/* Begin PBXVariantGroup section */
		72EB35A51CFF363C008EE329 /* Main.storyboard */ = {
			isa = PBXVariantGroup;
			children = (
				72EB35A61CFF363C008EE329 /* Base */,
			);
			name = Main.storyboard;
			sourceTree = "<group>";
		};
		72EB35AA1CFF363C008EE329 /* LaunchScreen.storyboard */ = {
			isa = PBXVariantGroup;
			children = (
				72EB35AB1CFF363C008EE329 /* Base */,
			);
			name = LaunchScreen.storyboard;
			sourceTree = "<group>";
		};
/* End PBXVariantGroup section */

/* Begin XCBuildConfiguration section */
		72EB35C41CFF363C008EE329 /* Debug */ = {
			isa = XCBuildConfiguration;
			buildSettings = {
				ALWAYS_SEARCH_USER_PATHS = NO;
				CLANG_ANALYZER_NONNULL = YES;
				CLANG_CXX_LANGUAGE_STANDARD = "gnu++0x";
				CLANG_CXX_LIBRARY = "libc++";
				CLANG_ENABLE_MODULES = YES;
				CLANG_ENABLE_OBJC_ARC = YES;
				CLANG_WARN_BOOL_CONVERSION = YES;
				CLANG_WARN_CONSTANT_CONVERSION = YES;
				CLANG_WARN_DIRECT_OBJC_ISA_USAGE = YES_ERROR;
				CLANG_WARN_EMPTY_BODY = YES;
				CLANG_WARN_ENUM_CONVERSION = YES;
				CLANG_WARN_INT_CONVERSION = YES;
				CLANG_WARN_OBJC_ROOT_CLASS = YES_ERROR;
				CLANG_WARN_UNREACHABLE_CODE = YES;
				CLANG_WARN__DUPLICATE_METHOD_MATCH = YES;
				CODE_SIGN_IDENTITY = "iPhone Developer";
				"CODE_SIGN_IDENTITY[sdk=iphoneos*]" = "iPhone Developer";
				COPY_PHASE_STRIP = NO;
				DEBUG_INFORMATION_FORMAT = dwarf;
				ENABLE_STRICT_OBJC_MSGSEND = YES;
				ENABLE_TESTABILITY = YES;
				GCC_C_LANGUAGE_STANDARD = gnu99;
				GCC_DYNAMIC_NO_PIC = NO;
				GCC_NO_COMMON_BLOCKS = YES;
				GCC_OPTIMIZATION_LEVEL = 0;
				GCC_PREPROCESSOR_DEFINITIONS = (
					"DEBUG=1",
					"$(inherited)",
				);
				GCC_WARN_64_TO_32_BIT_CONVERSION = YES;
				GCC_WARN_ABOUT_RETURN_TYPE = YES_ERROR;
				GCC_WARN_UNDECLARED_SELECTOR = YES;
				GCC_WARN_UNINITIALIZED_AUTOS = YES_AGGRESSIVE;
				GCC_WARN_UNUSED_FUNCTION = YES;
				GCC_WARN_UNUSED_VARIABLE = YES;
				IPHONEOS_DEPLOYMENT_TARGET = 9.3;
				MTL_ENABLE_DEBUG_INFO = YES;
				ONLY_ACTIVE_ARCH = YES;
				SDKROOT = iphoneos;
				SWIFT_OPTIMIZATION_LEVEL = "-Onone";
				TARGETED_DEVICE_FAMILY = "1,2";
			};
			name = Debug;
		};
		72EB35C51CFF363C008EE329 /* Release */ = {
			isa = XCBuildConfiguration;
			buildSettings = {
				ALWAYS_SEARCH_USER_PATHS = NO;
				CLANG_ANALYZER_NONNULL = YES;
				CLANG_CXX_LANGUAGE_STANDARD = "gnu++0x";
				CLANG_CXX_LIBRARY = "libc++";
				CLANG_ENABLE_MODULES = YES;
				CLANG_ENABLE_OBJC_ARC = YES;
				CLANG_WARN_BOOL_CONVERSION = YES;
				CLANG_WARN_CONSTANT_CONVERSION = YES;
				CLANG_WARN_DIRECT_OBJC_ISA_USAGE = YES_ERROR;
				CLANG_WARN_EMPTY_BODY = YES;
				CLANG_WARN_ENUM_CONVERSION = YES;
				CLANG_WARN_INT_CONVERSION = YES;
				CLANG_WARN_OBJC_ROOT_CLASS = YES_ERROR;
				CLANG_WARN_UNREACHABLE_CODE = YES;
				CLANG_WARN__DUPLICATE_METHOD_MATCH = YES;
				CODE_SIGN_IDENTITY = "iPhone Developer";
				"CODE_SIGN_IDENTITY[sdk=iphoneos*]" = "iPhone Developer";
				COPY_PHASE_STRIP = NO;
				DEBUG_INFORMATION_FORMAT = "dwarf-with-dsym";
				ENABLE_NS_ASSERTIONS = NO;
				ENABLE_STRICT_OBJC_MSGSEND = YES;
				GCC_C_LANGUAGE_STANDARD = gnu99;
				GCC_NO_COMMON_BLOCKS = YES;
				GCC_WARN_64_TO_32_BIT_CONVERSION = YES;
				GCC_WARN_ABOUT_RETURN_TYPE = YES_ERROR;
				GCC_WARN_UNDECLARED_SELECTOR = YES;
				GCC_WARN_UNINITIALIZED_AUTOS = YES_AGGRESSIVE;
				GCC_WARN_UNUSED_FUNCTION = YES;
				GCC_WARN_UNUSED_VARIABLE = YES;
				IPHONEOS_DEPLOYMENT_TARGET = 9.3;
				MTL_ENABLE_DEBUG_INFO = NO;
				SDKROOT = iphoneos;
				TARGETED_DEVICE_FAMILY = "1,2";
				VALIDATE_PRODUCT = YES;
			};
			name = Release;
		};
		72EB35C71CFF363C008EE329 /* Debug */ = {
			isa = XCBuildConfiguration;
			buildSettings = {
				ASSETCATALOG_COMPILER_APPICON_NAME = AppIcon;
				CODE_SIGN_IDENTITY = "iPhone Developer: Pamela Rios (EEYGE3DZFN)";
				"CODE_SIGN_IDENTITY[sdk=iphoneos*]" = "iPhone Developer";
				INFOPLIST_FILE = meme0.1/Info.plist;
				LD_RUNPATH_SEARCH_PATHS = "$(inherited) @executable_path/Frameworks";
				PRODUCT_BUNDLE_IDENTIFIER = "pamela.meme0-1";
				PRODUCT_NAME = "$(TARGET_NAME)";
				PROVISIONING_PROFILE = "";
			};
			name = Debug;
		};
		72EB35C81CFF363C008EE329 /* Release */ = {
			isa = XCBuildConfiguration;
			buildSettings = {
				ASSETCATALOG_COMPILER_APPICON_NAME = AppIcon;
				CODE_SIGN_IDENTITY = "iPhone Developer: Pamela Rios (EEYGE3DZFN)";
				"CODE_SIGN_IDENTITY[sdk=iphoneos*]" = "iPhone Developer";
				INFOPLIST_FILE = meme0.1/Info.plist;
				LD_RUNPATH_SEARCH_PATHS = "$(inherited) @executable_path/Frameworks";
				PRODUCT_BUNDLE_IDENTIFIER = "pamela.meme0-1";
				PRODUCT_NAME = "$(TARGET_NAME)";
				PROVISIONING_PROFILE = "";
			};
			name = Release;
		};
		72EB35CA1CFF363C008EE329 /* Debug */ = {
			isa = XCBuildConfiguration;
			buildSettings = {
				BUNDLE_LOADER = "$(TEST_HOST)";
				INFOPLIST_FILE = meme0.1Tests/Info.plist;
				LD_RUNPATH_SEARCH_PATHS = "$(inherited) @executable_path/Frameworks @loader_path/Frameworks";
				PRODUCT_BUNDLE_IDENTIFIER = "pamela.meme0-1Tests";
				PRODUCT_NAME = "$(TARGET_NAME)";
				TEST_HOST = "$(BUILT_PRODUCTS_DIR)/meme0.1.app/meme0.1";
			};
			name = Debug;
		};
		72EB35CB1CFF363C008EE329 /* Release */ = {
			isa = XCBuildConfiguration;
			buildSettings = {
				BUNDLE_LOADER = "$(TEST_HOST)";
				INFOPLIST_FILE = meme0.1Tests/Info.plist;
				LD_RUNPATH_SEARCH_PATHS = "$(inherited) @executable_path/Frameworks @loader_path/Frameworks";
				PRODUCT_BUNDLE_IDENTIFIER = "pamela.meme0-1Tests";
				PRODUCT_NAME = "$(TARGET_NAME)";
				TEST_HOST = "$(BUILT_PRODUCTS_DIR)/meme0.1.app/meme0.1";
			};
			name = Release;
		};
		72EB35CD1CFF363C008EE329 /* Debug */ = {
			isa = XCBuildConfiguration;
			buildSettings = {
				INFOPLIST_FILE = meme0.1UITests/Info.plist;
				LD_RUNPATH_SEARCH_PATHS = "$(inherited) @executable_path/Frameworks @loader_path/Frameworks";
				PRODUCT_BUNDLE_IDENTIFIER = "pamela.meme0-1UITests";
				PRODUCT_NAME = "$(TARGET_NAME)";
				TEST_TARGET_NAME = meme0.1;
			};
			name = Debug;
		};
		72EB35CE1CFF363C008EE329 /* Release */ = {
			isa = XCBuildConfiguration;
			buildSettings = {
				INFOPLIST_FILE = meme0.1UITests/Info.plist;
				LD_RUNPATH_SEARCH_PATHS = "$(inherited) @executable_path/Frameworks @loader_path/Frameworks";
				PRODUCT_BUNDLE_IDENTIFIER = "pamela.meme0-1UITests";
				PRODUCT_NAME = "$(TARGET_NAME)";
				TEST_TARGET_NAME = meme0.1;
			};
			name = Release;
		};
/* End XCBuildConfiguration section */

/* Begin XCConfigurationList section */
		72EB35991CFF363C008EE329 /* Build configuration list for PBXProject "meme0.1" */ = {
			isa = XCConfigurationList;
			buildConfigurations = (
				72EB35C41CFF363C008EE329 /* Debug */,
				72EB35C51CFF363C008EE329 /* Release */,
			);
			defaultConfigurationIsVisible = 0;
			defaultConfigurationName = Release;
		};
		72EB35C61CFF363C008EE329 /* Build configuration list for PBXNativeTarget "meme0.1" */ = {
			isa = XCConfigurationList;
			buildConfigurations = (
				72EB35C71CFF363C008EE329 /* Debug */,
				72EB35C81CFF363C008EE329 /* Release */,
			);
			defaultConfigurationIsVisible = 0;
			defaultConfigurationName = Release;
		};
		72EB35C91CFF363C008EE329 /* Build configuration list for PBXNativeTarget "meme0.1Tests" */ = {
			isa = XCConfigurationList;
			buildConfigurations = (
				72EB35CA1CFF363C008EE329 /* Debug */,
				72EB35CB1CFF363C008EE329 /* Release */,
			);
			defaultConfigurationIsVisible = 0;
			defaultConfigurationName = Release;
		};
		72EB35CC1CFF363C008EE329 /* Build configuration list for PBXNativeTarget "meme0.1UITests" */ = {
			isa = XCConfigurationList;
			buildConfigurations = (
				72EB35CD1CFF363C008EE329 /* Debug */,
				72EB35CE1CFF363C008EE329 /* Release */,
			);
			defaultConfigurationIsVisible = 0;
			defaultConfigurationName = Release;
		};
/* End XCConfigurationList section */
	};
	rootObject = 72EB35961CFF363C008EE329 /* Project object */;
}
